// !$*UTF8*$!
{
	archiveVersion = 1;
	classes = {
	};
	objectVersion = 46;
	objects = {

/* Begin PBXBuildFile section */
		432DD61C1699E78500B0B8D3 /* UIKit.framework in Frameworks */ = {isa = PBXBuildFile; fileRef = 432DD61B1699E78500B0B8D3 /* UIKit.framework */; };
		432DD61E1699E78500B0B8D3 /* Foundation.framework in Frameworks */ = {isa = PBXBuildFile; fileRef = 432DD61D1699E78500B0B8D3 /* Foundation.framework */; };
		432DD6201699E78500B0B8D3 /* CoreGraphics.framework in Frameworks */ = {isa = PBXBuildFile; fileRef = 432DD61F1699E78500B0B8D3 /* CoreGraphics.framework */; };
		432DD6261699E78500B0B8D3 /* InfoPlist.strings in Resources */ = {isa = PBXBuildFile; fileRef = 432DD6241699E78500B0B8D3 /* InfoPlist.strings */; };
		432DD6281699E78500B0B8D3 /* main.m in Sources */ = {isa = PBXBuildFile; fileRef = 432DD6271699E78500B0B8D3 /* main.m */; };
		432DD62C1699E78500B0B8D3 /* AppDelegate.m in Sources */ = {isa = PBXBuildFile; fileRef = 432DD62B1699E78500B0B8D3 /* AppDelegate.m */; };
		432DD62E1699E78600B0B8D3 /* Default.png in Resources */ = {isa = PBXBuildFile; fileRef = 432DD62D1699E78500B0B8D3 /* Default.png */; };
		432DD6301699E78600B0B8D3 /* Default@2x.png in Resources */ = {isa = PBXBuildFile; fileRef = 432DD62F1699E78600B0B8D3 /* Default@2x.png */; };
		432DD6321699E78600B0B8D3 /* Default-568h@2x.png in Resources */ = {isa = PBXBuildFile; fileRef = 432DD6311699E78600B0B8D3 /* Default-568h@2x.png */; };
		432DD63A1699E84A00B0B8D3 /* MedicineTableViewController.m in Sources */ = {isa = PBXBuildFile; fileRef = 432DD6391699E84A00B0B8D3 /* MedicineTableViewController.m */; };
		432DD63F1699E8A300B0B8D3 /* Medicine.m in Sources */ = {isa = PBXBuildFile; fileRef = 432DD63E1699E8A300B0B8D3 /* Medicine.m */; };
		432DD6411699E8DC00B0B8D3 /* libsqlite3.0.dylib in Frameworks */ = {isa = PBXBuildFile; fileRef = 432DD6401699E8DC00B0B8D3 /* libsqlite3.0.dylib */; };
		432DD6461699E9AF00B0B8D3 /* MedicineManager.m in Sources */ = {isa = PBXBuildFile; fileRef = 432DD6451699E9AF00B0B8D3 /* MedicineManager.m */; };
		432DD6491699EA7D00B0B8D3 /* AVFoundation.framework in Frameworks */ = {isa = PBXBuildFile; fileRef = 432DD6481699EA7D00B0B8D3 /* AVFoundation.framework */; };
		432DD64E1699F22900B0B8D3 /* AddMedicineViewController.m in Sources */ = {isa = PBXBuildFile; fileRef = 432DD64D1699F22900B0B8D3 /* AddMedicineViewController.m */; };
		432DD6521699F31800B0B8D3 /* EditViewController.m in Sources */ = {isa = PBXBuildFile; fileRef = 432DD6511699F31800B0B8D3 /* EditViewController.m */; };
		432DD6561699F65C00B0B8D3 /* Medicine.sqlite in Resources */ = {isa = PBXBuildFile; fileRef = 432DD6551699F65C00B0B8D3 /* Medicine.sqlite */; };
/* End PBXBuildFile section */

/* Begin PBXFileReference section */
		432DD6171699E78500B0B8D3 /* Mediminder.app */ = {isa = PBXFileReference; explicitFileType = wrapper.application; includeInIndex = 0; path = Mediminder.app; sourceTree = BUILT_PRODUCTS_DIR; };
		432DD61B1699E78500B0B8D3 /* UIKit.framework */ = {isa = PBXFileReference; lastKnownFileType = wrapper.framework; name = UIKit.framework; path = System/Library/Frameworks/UIKit.framework; sourceTree = SDKROOT; };
		432DD61D1699E78500B0B8D3 /* Foundation.framework */ = {isa = PBXFileReference; lastKnownFileType = wrapper.framework; name = Foundation.framework; path = System/Library/Frameworks/Foundation.framework; sourceTree = SDKROOT; };
		432DD61F1699E78500B0B8D3 /* CoreGraphics.framework */ = {isa = PBXFileReference; lastKnownFileType = wrapper.framework; name = CoreGraphics.framework; path = System/Library/Frameworks/CoreGraphics.framework; sourceTree = SDKROOT; };
		432DD6231699E78500B0B8D3 /* Mediminder-Info.plist */ = {isa = PBXFileReference; lastKnownFileType = text.plist.xml; path = "Mediminder-Info.plist"; sourceTree = "<group>"; };
		432DD6251699E78500B0B8D3 /* en */ = {isa = PBXFileReference; lastKnownFileType = text.plist.strings; name = en; path = en.lproj/InfoPlist.strings; sourceTree = "<group>"; };
		432DD6271699E78500B0B8D3 /* main.m */ = {isa = PBXFileReference; lastKnownFileType = sourcecode.c.objc; path = main.m; sourceTree = "<group>"; };
		432DD6291699E78500B0B8D3 /* Mediminder-Prefix.pch */ = {isa = PBXFileReference; lastKnownFileType = sourcecode.c.h; path = "Mediminder-Prefix.pch"; sourceTree = "<group>"; };
		432DD62A1699E78500B0B8D3 /* AppDelegate.h */ = {isa = PBXFileReference; lastKnownFileType = sourcecode.c.h; path = AppDelegate.h; sourceTree = "<group>"; };
		432DD62B1699E78500B0B8D3 /* AppDelegate.m */ = {isa = PBXFileReference; lastKnownFileType = sourcecode.c.objc; path = AppDelegate.m; sourceTree = "<group>"; };
		432DD62D1699E78500B0B8D3 /* Default.png */ = {isa = PBXFileReference; lastKnownFileType = image.png; path = Default.png; sourceTree = "<group>"; };
		432DD62F1699E78600B0B8D3 /* Default@2x.png */ = {isa = PBXFileReference; lastKnownFileType = image.png; path = "Default@2x.png"; sourceTree = "<group>"; };
		432DD6311699E78600B0B8D3 /* Default-568h@2x.png */ = {isa = PBXFileReference; lastKnownFileType = image.png; path = "Default-568h@2x.png"; sourceTree = "<group>"; };
		432DD6381699E84A00B0B8D3 /* MedicineTableViewController.h */ = {isa = PBXFileReference; fileEncoding = 4; lastKnownFileType = sourcecode.c.h; name = MedicineTableViewController.h; path = MedicineTableViewController/MedicineTableViewController.h; sourceTree = "<group>"; };
		432DD6391699E84A00B0B8D3 /* MedicineTableViewController.m */ = {isa = PBXFileReference; fileEncoding = 4; lastKnownFileType = sourcecode.c.objc; name = MedicineTableViewController.m; path = MedicineTableViewController/MedicineTableViewController.m; sourceTree = "<group>"; };
		432DD63D1699E8A300B0B8D3 /* Medicine.h */ = {isa = PBXFileReference; fileEncoding = 4; lastKnownFileType = sourcecode.c.h; name = Medicine.h; path = Medicine/Medicine.h; sourceTree = "<group>"; };
		432DD63E1699E8A300B0B8D3 /* Medicine.m */ = {isa = PBXFileReference; fileEncoding = 4; lastKnownFileType = sourcecode.c.objc; name = Medicine.m; path = Medicine/Medicine.m; sourceTree = "<group>"; };
		432DD6401699E8DC00B0B8D3 /* libsqlite3.0.dylib */ = {isa = PBXFileReference; lastKnownFileType = "compiled.mach-o.dylib"; name = libsqlite3.0.dylib; path = usr/lib/libsqlite3.0.dylib; sourceTree = SDKROOT; };
		432DD6441699E9AF00B0B8D3 /* MedicineManager.h */ = {isa = PBXFileReference; fileEncoding = 4; lastKnownFileType = sourcecode.c.h; name = MedicineManager.h; path = MedicineManager/MedicineManager.h; sourceTree = "<group>"; };
		432DD6451699E9AF00B0B8D3 /* MedicineManager.m */ = {isa = PBXFileReference; fileEncoding = 4; lastKnownFileType = sourcecode.c.objc; name = MedicineManager.m; path = MedicineManager/MedicineManager.m; sourceTree = "<group>"; };
		432DD6481699EA7D00B0B8D3 /* AVFoundation.framework */ = {isa = PBXFileReference; lastKnownFileType = wrapper.framework; name = AVFoundation.framework; path = System/Library/Frameworks/AVFoundation.framework; sourceTree = SDKROOT; };
		432DD64C1699F22900B0B8D3 /* AddMedicineViewController.h */ = {isa = PBXFileReference; fileEncoding = 4; lastKnownFileType = sourcecode.c.h; name = AddMedicineViewController.h; path = AddMedicineViewController/AddMedicineViewController.h; sourceTree = "<group>"; };
		432DD64D1699F22900B0B8D3 /* AddMedicineViewController.m */ = {isa = PBXFileReference; fileEncoding = 4; lastKnownFileType = sourcecode.c.objc; name = AddMedicineViewController.m; path = AddMedicineViewController/AddMedicineViewController.m; sourceTree = "<group>"; };
		432DD6501699F31800B0B8D3 /* EditViewController.h */ = {isa = PBXFileReference; fileEncoding = 4; lastKnownFileType = sourcecode.c.h; name = EditViewController.h; path = EditViewController/EditViewController.h; sourceTree = "<group>"; };
		432DD6511699F31800B0B8D3 /* EditViewController.m */ = {isa = PBXFileReference; fileEncoding = 4; lastKnownFileType = sourcecode.c.objc; name = EditViewController.m; path = EditViewController/EditViewController.m; sourceTree = "<group>"; };
		432DD6551699F65C00B0B8D3 /* Medicine.sqlite */ = {isa = PBXFileReference; lastKnownFileType = file; path = Medicine.sqlite; sourceTree = "<group>"; };
/* End PBXFileReference section */

/* Begin PBXFrameworksBuildPhase section */
		432DD6141699E78500B0B8D3 /* Frameworks */ = {
			isa = PBXFrameworksBuildPhase;
			buildActionMask = 2147483647;
			files = (
				432DD6491699EA7D00B0B8D3 /* AVFoundation.framework in Frameworks */,
				432DD6411699E8DC00B0B8D3 /* libsqlite3.0.dylib in Frameworks */,
				432DD61C1699E78500B0B8D3 /* UIKit.framework in Frameworks */,
				432DD61E1699E78500B0B8D3 /* Foundation.framework in Frameworks */,
				432DD6201699E78500B0B8D3 /* CoreGraphics.framework in Frameworks */,
			);
			runOnlyForDeploymentPostprocessing = 0;
		};
/* End PBXFrameworksBuildPhase section */

/* Begin PBXGroup section */
		432DD60C1699E78500B0B8D3 = {
			isa = PBXGroup;
			children = (
				432DD6211699E78500B0B8D3 /* Mediminder */,
				432DD61A1699E78500B0B8D3 /* Frameworks */,
				432DD6181699E78500B0B8D3 /* Products */,
			);
			sourceTree = "<group>";
		};
		432DD6181699E78500B0B8D3 /* Products */ = {
			isa = PBXGroup;
			children = (
				432DD6171699E78500B0B8D3 /* Mediminder.app */,
			);
			name = Products;
			sourceTree = "<group>";
		};
		432DD61A1699E78500B0B8D3 /* Frameworks */ = {
			isa = PBXGroup;
			children = (
				432DD6481699EA7D00B0B8D3 /* AVFoundation.framework */,
				432DD6401699E8DC00B0B8D3 /* libsqlite3.0.dylib */,
				432DD61B1699E78500B0B8D3 /* UIKit.framework */,
				432DD61D1699E78500B0B8D3 /* Foundation.framework */,
				432DD61F1699E78500B0B8D3 /* CoreGraphics.framework */,
			);
			name = Frameworks;
			sourceTree = "<group>";
		};
		432DD6211699E78500B0B8D3 /* Mediminder */ = {
			isa = PBXGroup;
			children = (
				432DD64F1699F2FE00B0B8D3 /* EditViewController */,
				432DD64B1699F1DC00B0B8D3 /* AddMedicineViewController */,
				432DD6471699E9B400B0B8D3 /* MedicineManager */,
				432DD63C1699E88100B0B8D3 /* Medicine.h */,
				432DD63B1699E85000B0B8D3 /* MedicineTableViewController */,
				432DD62A1699E78500B0B8D3 /* AppDelegate.h */,
				432DD62B1699E78500B0B8D3 /* AppDelegate.m */,
				432DD6221699E78500B0B8D3 /* Supporting Files */,
			);
			path = Mediminder;
			sourceTree = "<group>";
		};
		432DD6221699E78500B0B8D3 /* Supporting Files */ = {
			isa = PBXGroup;
			children = (
				432DD6551699F65C00B0B8D3 /* Medicine.sqlite */,
				432DD6231699E78500B0B8D3 /* Mediminder-Info.plist */,
				432DD6241699E78500B0B8D3 /* InfoPlist.strings */,
				432DD6271699E78500B0B8D3 /* main.m */,
				432DD6291699E78500B0B8D3 /* Mediminder-Prefix.pch */,
				432DD62D1699E78500B0B8D3 /* Default.png */,
				432DD62F1699E78600B0B8D3 /* Default@2x.png */,
				432DD6311699E78600B0B8D3 /* Default-568h@2x.png */,
			);
			name = "Supporting Files";
			sourceTree = "<group>";
		};
		432DD63B1699E85000B0B8D3 /* MedicineTableViewController */ = {
			isa = PBXGroup;
			children = (
				432DD6381699E84A00B0B8D3 /* MedicineTableViewController.h */,
				432DD6391699E84A00B0B8D3 /* MedicineTableViewController.m */,
			);
			name = MedicineTableViewController;
			sourceTree = "<group>";
		};
		432DD63C1699E88100B0B8D3 /* Medicine.h */ = {
			isa = PBXGroup;
			children = (
				432DD63D1699E8A300B0B8D3 /* Medicine.h */,
				432DD63E1699E8A300B0B8D3 /* Medicine.m */,
			);
			name = Medicine.h;
			sourceTree = "<group>";
		};
		432DD6471699E9B400B0B8D3 /* MedicineManager */ = {
			isa = PBXGroup;
			children = (
				432DD6441699E9AF00B0B8D3 /* MedicineManager.h */,
				432DD6451699E9AF00B0B8D3 /* MedicineManager.m */,
			);
			name = MedicineManager;
			sourceTree = "<group>";
		};
		432DD64B1699F1DC00B0B8D3 /* AddMedicineViewController */ = {
			isa = PBXGroup;
			children = (
				432DD64C1699F22900B0B8D3 /* AddMedicineViewController.h */,
				432DD64D1699F22900B0B8D3 /* AddMedicineViewController.m */,
			);
			name = AddMedicineViewController;
			sourceTree = "<group>";
		};
		432DD64F1699F2FE00B0B8D3 /* EditViewController */ = {
			isa = PBXGroup;
			children = (
				432DD6501699F31800B0B8D3 /* EditViewController.h */,
				432DD6511699F31800B0B8D3 /* EditViewController.m */,
			);
			name = EditViewController;
			sourceTree = "<group>";
		};
/* End PBXGroup section */

/* Begin PBXNativeTarget section */
		432DD6161699E78500B0B8D3 /* Mediminder */ = {
			isa = PBXNativeTarget;
			buildConfigurationList = 432DD6351699E78600B0B8D3 /* Build configuration list for PBXNativeTarget "Mediminder" */;
			buildPhases = (
				432DD6131699E78500B0B8D3 /* Sources */,
				432DD6141699E78500B0B8D3 /* Frameworks */,
				432DD6151699E78500B0B8D3 /* Resources */,
			);
			buildRules = (
			);
			dependencies = (
			);
			name = Mediminder;
			productName = Mediminder;
			productReference = 432DD6171699E78500B0B8D3 /* Mediminder.app */;
			productType = "com.apple.product-type.application";
		};
/* End PBXNativeTarget section */

/* Begin PBXProject section */
		432DD60E1699E78500B0B8D3 /* Project object */ = {
			isa = PBXProject;
			attributes = {
				LastUpgradeCheck = 0450;
				ORGANIZATIONNAME = "Tiyasi Acharya";
			};
			buildConfigurationList = 432DD6111699E78500B0B8D3 /* Build configuration list for PBXProject "Mediminder" */;
			compatibilityVersion = "Xcode 3.2";
			developmentRegion = English;
			hasScannedForEncodings = 0;
			knownRegions = (
				en,
			);
			mainGroup = 432DD60C1699E78500B0B8D3;
			productRefGroup = 432DD6181699E78500B0B8D3 /* Products */;
			projectDirPath = "";
			projectRoot = "";
			targets = (
				432DD6161699E78500B0B8D3 /* Mediminder */,
			);
		};
/* End PBXProject section */

/* Begin PBXResourcesBuildPhase section */
		432DD6151699E78500B0B8D3 /* Resources */ = {
			isa = PBXResourcesBuildPhase;
			buildActionMask = 2147483647;
			files = (
				432DD6261699E78500B0B8D3 /* InfoPlist.strings in Resources */,
				432DD62E1699E78600B0B8D3 /* Default.png in Resources */,
				432DD6301699E78600B0B8D3 /* Default@2x.png in Resources */,
				432DD6321699E78600B0B8D3 /* Default-568h@2x.png in Resources */,
				432DD6561699F65C00B0B8D3 /* Medicine.sqlite in Resources */,
			);
			runOnlyForDeploymentPostprocessing = 0;
		};
/* End PBXResourcesBuildPhase section */

/* Begin PBXSourcesBuildPhase section */
		432DD6131699E78500B0B8D3 /* Sources */ = {
			isa = PBXSourcesBuildPhase;
			buildActionMask = 2147483647;
			files = (
				432DD6281699E78500B0B8D3 /* main.m in Sources */,
				432DD62C1699E78500B0B8D3 /* AppDelegate.m in Sources */,
				432DD63A1699E84A00B0B8D3 /* MedicineTableViewController.m in Sources */,
				432DD63F1699E8A300B0B8D3 /* Medicine.m in Sources */,
				432DD6461699E9AF00B0B8D3 /* MedicineManager.m in Sources */,
				432DD64E1699F22900B0B8D3 /* AddMedicineViewController.m in Sources */,
				432DD6521699F31800B0B8D3 /* EditViewController.m in Sources */,
			);
			runOnlyForDeploymentPostprocessing = 0;
		};
/* End PBXSourcesBuildPhase section */

/* Begin PBXVariantGroup section */
		432DD6241699E78500B0B8D3 /* InfoPlist.strings */ = {
			isa = PBXVariantGroup;
			children = (
				432DD6251699E78500B0B8D3 /* en */,
			);
			name = InfoPlist.strings;
			sourceTree = "<group>";
		};
/* End PBXVariantGroup section */

/* Begin XCBuildConfiguration section */
		432DD6331699E78600B0B8D3 /* Debug */ = {
			isa = XCBuildConfiguration;
			buildSettings = {
				ALWAYS_SEARCH_USER_PATHS = NO;
				CLANG_CXX_LANGUAGE_STANDARD = "gnu++0x";
				CLANG_CXX_LIBRARY = "libc++";
				CLANG_WARN_EMPTY_BODY = YES;
				CLANG_WARN__DUPLICATE_METHOD_MATCH = YES;
				"CODE_SIGN_IDENTITY[sdk=iphoneos*]" = "iPhone Developer";
				COPY_PHASE_STRIP = NO;
				GCC_C_LANGUAGE_STANDARD = gnu99;
				GCC_DYNAMIC_NO_PIC = NO;
				GCC_OPTIMIZATION_LEVEL = 0;
				GCC_PREPROCESSOR_DEFINITIONS = (
					"DEBUG=1",
					"$(inherited)",
				);
				GCC_SYMBOLS_PRIVATE_EXTERN = NO;
				GCC_WARN_ABOUT_RETURN_TYPE = YES;
				GCC_WARN_UNINITIALIZED_AUTOS = YES;
				GCC_WARN_UNUSED_VARIABLE = YES;
				IPHONEOS_DEPLOYMENT_TARGET = 6.0;
				ONLY_ACTIVE_ARCH = YES;
				SDKROOT = iphoneos;
				TARGETED_DEVICE_FAMILY = "1,2";
			};
			name = Debug;
		};
		432DD6341699E78600B0B8D3 /* Release */ = {
			isa = XCBuildConfiguration;
			buildSettings = {
				ALWAYS_SEARCH_USER_PATHS = NO;
				CLANG_CXX_LANGUAGE_STANDARD = "gnu++0x";
				CLANG_CXX_LIBRARY = "libc++";
				CLANG_WARN_EMPTY_BODY = YES;
				CLANG_WARN__DUPLICATE_METHOD_MATCH = YES;
				"CODE_SIGN_IDENTITY[sdk=iphoneos*]" = "iPhone Developer";
				COPY_PHASE_STRIP = YES;
				GCC_C_LANGUAGE_STANDARD = gnu99;
				GCC_WARN_ABOUT_RETURN_TYPE = YES;
				GCC_WARN_UNINITIALIZED_AUTOS = YES;
				GCC_WARN_UNUSED_VARIABLE = YES;
				IPHONEOS_DEPLOYMENT_TARGET = 6.0;
				OTHER_CFLAGS = "-DNS_BLOCK_ASSERTIONS=1";
				SDKROOT = iphoneos;
				TARGETED_DEVICE_FAMILY = "1,2";
				VALIDATE_PRODUCT = YES;
			};
			name = Release;
		};
		432DD6361699E78600B0B8D3 /* Debug */ = {
			isa = XCBuildConfiguration;
			buildSettings = {
				GCC_PRECOMPILE_PREFIX_HEADER = YES;
				GCC_PREFIX_HEADER = "Mediminder/Mediminder-Prefix.pch";
				INFOPLIST_FILE = "Mediminder/Mediminder-Info.plist";
				PRODUCT_NAME = "$(TARGET_NAME)";
				WRAPPER_EXTENSION = app;
			};
			name = Debug;
		};
		432DD6371699E78600B0B8D3 /* Release */ = {
			isa = XCBuildConfiguration;
			buildSettings = {
				GCC_PRECOMPILE_PREFIX_HEADER = YES;
				GCC_PREFIX_HEADER = "Mediminder/Mediminder-Prefix.pch";
				INFOPLIST_FILE = "Mediminder/Mediminder-Info.plist";
				PRODUCT_NAME = "$(TARGET_NAME)";
				WRAPPER_EXTENSION = app;
			};
			name = Release;
		};
/* End XCBuildConfiguration section */

/* Begin XCConfigurationList section */
		432DD6111699E78500B0B8D3 /* Build configuration list for PBXProject "Mediminder" */ = {
			isa = XCConfigurationList;
			buildConfigurations = (
				432DD6331699E78600B0B8D3 /* Debug */,
				432DD6341699E78600B0B8D3 /* Release */,
			);
			defaultConfigurationIsVisible = 0;
			defaultConfigurationName = Release;
		};
		432DD6351699E78600B0B8D3 /* Build configuration list for PBXNativeTarget "Mediminder" */ = {
			isa = XCConfigurationList;
			buildConfigurations = (
				432DD6361699E78600B0B8D3 /* Debug */,
				432DD6371699E78600B0B8D3 /* Release */,
			);
			defaultConfigurationIsVisible = 0;
		};
/* End XCConfigurationList section */
	};
	rootObject = 432DD60E1699E78500B0B8D3 /* Project object */;
}
